// !$*UTF8*$!
{
	archiveVersion = 1;
	classes = {
	};
	objectVersion = 55;
	objects = {

/* Begin PBXBuildFile section */
		94C323242846284900ECC083 /* main.cpp in Sources */ = {isa = PBXBuildFile; fileRef = 94C323232846284900ECC083 /* main.cpp */; };
		94C3232C284628A700ECC083 /* AdvisorMain.cpp in Sources */ = {isa = PBXBuildFile; fileRef = 94C3232A284628A700ECC083 /* AdvisorMain.cpp */; };
		94C3232F2847508200ECC083 /* OrderBook.cpp in Sources */ = {isa = PBXBuildFile; fileRef = 94C3232D2847508200ECC083 /* OrderBook.cpp */; };
		94C323322847514900ECC083 /* CSVReader.cpp in Sources */ = {isa = PBXBuildFile; fileRef = 94C323302847514900ECC083 /* CSVReader.cpp */; };
		94C323352847518B00ECC083 /* OrderBookEntry.cpp in Sources */ = {isa = PBXBuildFile; fileRef = 94C323332847518B00ECC083 /* OrderBookEntry.cpp */; };
		94D09B702855FD95005C5143 /* Validation.cpp in Sources */ = {isa = PBXBuildFile; fileRef = 94D09B6E2855FD95005C5143 /* Validation.cpp */; };
/* End PBXBuildFile section */

/* Begin PBXCopyFilesBuildPhase section */
		94C3231E2846284900ECC083 /* CopyFiles */ = {
			isa = PBXCopyFilesBuildPhase;
			buildActionMask = 2147483647;
			dstPath = /usr/share/man/man1/;
			dstSubfolderSpec = 0;
			files = (
			);
			runOnlyForDeploymentPostprocessing = 1;
		};
/* End PBXCopyFilesBuildPhase section */

/* Begin PBXFileReference section */
		9439E22E28488EBF00BD8E3D /* test.csv */ = {isa = PBXFileReference; lastKnownFileType = text; path = test.csv; sourceTree = "<group>"; };
		94C323202846284900ECC083 /* advisorbot */ = {isa = PBXFileReference; explicitFileType = "compiled.mach-o.executable"; includeInIndex = 0; path = advisorbot; sourceTree = BUILT_PRODUCTS_DIR; };
		94C323232846284900ECC083 /* main.cpp */ = {isa = PBXFileReference; lastKnownFileType = sourcecode.cpp.cpp; path = main.cpp; sourceTree = "<group>"; };
		94C3232A284628A700ECC083 /* AdvisorMain.cpp */ = {isa = PBXFileReference; lastKnownFileType = sourcecode.cpp.cpp; path = AdvisorMain.cpp; sourceTree = "<group>"; };
		94C3232B284628A700ECC083 /* AdvisorMain.hpp */ = {isa = PBXFileReference; lastKnownFileType = sourcecode.cpp.h; path = AdvisorMain.hpp; sourceTree = "<group>"; };
		94C3232D2847508200ECC083 /* OrderBook.cpp */ = {isa = PBXFileReference; lastKnownFileType = sourcecode.cpp.cpp; path = OrderBook.cpp; sourceTree = "<group>"; };
		94C3232E2847508200ECC083 /* OrderBook.hpp */ = {isa = PBXFileReference; lastKnownFileType = sourcecode.cpp.h; path = OrderBook.hpp; sourceTree = "<group>"; };
		94C323302847514900ECC083 /* CSVReader.cpp */ = {isa = PBXFileReference; lastKnownFileType = sourcecode.cpp.cpp; path = CSVReader.cpp; sourceTree = "<group>"; };
		94C323312847514900ECC083 /* CSVReader.hpp */ = {isa = PBXFileReference; lastKnownFileType = sourcecode.cpp.h; path = CSVReader.hpp; sourceTree = "<group>"; };
		94C323332847518B00ECC083 /* OrderBookEntry.cpp */ = {isa = PBXFileReference; lastKnownFileType = sourcecode.cpp.cpp; path = OrderBookEntry.cpp; sourceTree = "<group>"; };
		94C323342847518B00ECC083 /* OrderBookEntry.hpp */ = {isa = PBXFileReference; lastKnownFileType = sourcecode.cpp.h; path = OrderBookEntry.hpp; sourceTree = "<group>"; };
		94D09B6E2855FD95005C5143 /* Validation.cpp */ = {isa = PBXFileReference; lastKnownFileType = sourcecode.cpp.cpp; path = Validation.cpp; sourceTree = "<group>"; };
		94D09B6F2855FD95005C5143 /* Validation.hpp */ = {isa = PBXFileReference; lastKnownFileType = sourcecode.cpp.h; path = Validation.hpp; sourceTree = "<group>"; };
/* End PBXFileReference section */

/* Begin PBXFrameworksBuildPhase section */
		94C3231D2846284900ECC083 /* Frameworks */ = {
			isa = PBXFrameworksBuildPhase;
			buildActionMask = 2147483647;
			files = (
			);
			runOnlyForDeploymentPostprocessing = 0;
		};
/* End PBXFrameworksBuildPhase section */

/* Begin PBXGroup section */
		94C323172846284800ECC083 = {
			isa = PBXGroup;
			children = (
				94C323222846284900ECC083 /* advisorbot */,
				94C323212846284900ECC083 /* Products */,
			);
			sourceTree = "<group>";
		};
		94C323212846284900ECC083 /* Products */ = {
			isa = PBXGroup;
			children = (
				94C323202846284900ECC083 /* advisorbot */,
			);
			name = Products;
			sourceTree = "<group>";
		};
		94C323222846284900ECC083 /* advisorbot */ = {
			isa = PBXGroup;
			children = (
				94C323232846284900ECC083 /* main.cpp */,
				94C3232A284628A700ECC083 /* AdvisorMain.cpp */,
				94C3232B284628A700ECC083 /* AdvisorMain.hpp */,
				94C3232D2847508200ECC083 /* OrderBook.cpp */,
				94C3232E2847508200ECC083 /* OrderBook.hpp */,
				94C323302847514900ECC083 /* CSVReader.cpp */,
				94C323312847514900ECC083 /* CSVReader.hpp */,
				94C323332847518B00ECC083 /* OrderBookEntry.cpp */,
				94C323342847518B00ECC083 /* OrderBookEntry.hpp */,
				9439E22E28488EBF00BD8E3D /* test.csv */,
				94D09B6E2855FD95005C5143 /* Validation.cpp */,
				94D09B6F2855FD95005C5143 /* Validation.hpp */,
			);
			path = advisorbot;
			sourceTree = "<group>";
		};
/* End PBXGroup section */

/* Begin PBXNativeTarget section */
		94C3231F2846284900ECC083 /* advisorbot */ = {
			isa = PBXNativeTarget;
			buildConfigurationList = 94C323272846284900ECC083 /* Build configuration list for PBXNativeTarget "advisorbot" */;
			buildPhases = (
				94C3231C2846284900ECC083 /* Sources */,
				94C3231D2846284900ECC083 /* Frameworks */,
				94C3231E2846284900ECC083 /* CopyFiles */,
			);
			buildRules = (
			);
			dependencies = (
			);
			name = advisorbot;
			productName = advisorbot;
			productReference = 94C323202846284900ECC083 /* advisorbot */;
			productType = "com.apple.product-type.tool";
		};
/* End PBXNativeTarget section */

/* Begin PBXProject section */
		94C323182846284800ECC083 /* Project object */ = {
			isa = PBXProject;
			attributes = {
				BuildIndependentTargetsInParallel = 1;
				LastUpgradeCheck = 1330;
				TargetAttributes = {
					94C3231F2846284900ECC083 = {
						CreatedOnToolsVersion = 13.3;
					};
				};
			};
			buildConfigurationList = 94C3231B2846284900ECC083 /* Build configuration list for PBXProject "advisorbot" */;
			compatibilityVersion = "Xcode 13.0";
			developmentRegion = en;
			hasScannedForEncodings = 0;
			knownRegions = (
				en,
				Base,
			);
			mainGroup = 94C323172846284800ECC083;
			productRefGroup = 94C323212846284900ECC083 /* Products */;
			projectDirPath = "";
			projectRoot = "";
			targets = (
				94C3231F2846284900ECC083 /* advisorbot */,
			);
		};
/* End PBXProject section */

/* Begin PBXSourcesBuildPhase section */
		94C3231C2846284900ECC083 /* Sources */ = {
			isa = PBXSourcesBuildPhase;
			buildActionMask = 2147483647;
			files = (
				94C323242846284900ECC083 /* main.cpp in Sources */,
				94C323322847514900ECC083 /* CSVReader.cpp in Sources */,
				94D09B702855FD95005C5143 /* Validation.cpp in Sources */,
				94C3232C284628A700ECC083 /* AdvisorMain.cpp in Sources */,
				94C3232F2847508200ECC083 /* OrderBook.cpp in Sources */,
				94C323352847518B00ECC083 /* OrderBookEntry.cpp in Sources */,
			);
			runOnlyForDeploymentPostprocessing = 0;
		};
/* End PBXSourcesBuildPhase section */

/* Begin XCBuildConfiguration section */
		94C323252846284900ECC083 /* Debug */ = {
			isa = XCBuildConfiguration;
			buildSettings = {
				ALWAYS_SEARCH_USER_PATHS = NO;
				CLANG_ANALYZER_NONNULL = YES;
				CLANG_ANALYZER_NUMBER_OBJECT_CONVERSION = YES_AGGRESSIVE;
				CLANG_CXX_LANGUAGE_STANDARD = "gnu++17";
				CLANG_ENABLE_MODULES = YES;
				CLANG_ENABLE_OBJC_ARC = YES;
				CLANG_ENABLE_OBJC_WEAK = YES;
				CLANG_WARN_BLOCK_CAPTURE_AUTORELEASING = YES;
				CLANG_WARN_BOOL_CONVERSION = YES;
				CLANG_WARN_COMMA = YES;
				CLANG_WARN_CONSTANT_CONVERSION = YES;
				CLANG_WARN_DEPRECATED_OBJC_IMPLEMENTATIONS = YES;
				CLANG_WARN_DIRECT_OBJC_ISA_USAGE = YES_ERROR;
				CLANG_WARN_DOCUMENTATION_COMMENTS = YES;
				CLANG_WARN_EMPTY_BODY = YES;
				CLANG_WARN_ENUM_CONVERSION = YES;
				CLANG_WARN_INFINITE_RECURSION = YES;
				CLANG_WARN_INT_CONVERSION = YES;
				CLANG_WARN_NON_LITERAL_NULL_CONVERSION = YES;
				CLANG_WARN_OBJC_IMPLICIT_RETAIN_SELF = YES;
				CLANG_WARN_OBJC_LITERAL_CONVERSION = YES;
				CLANG_WARN_OBJC_ROOT_CLASS = YES_ERROR;
				CLANG_WARN_QUOTED_INCLUDE_IN_FRAMEWORK_HEADER = YES;
				CLANG_WARN_RANGE_LOOP_ANALYSIS = YES;
				CLANG_WARN_STRICT_PROTOTYPES = YES;
				CLANG_WARN_SUSPICIOUS_MOVE = YES;
				CLANG_WARN_UNGUARDED_AVAILABILITY = YES_AGGRESSIVE;
				CLANG_WARN_UNREACHABLE_CODE = YES;
				CLANG_WARN__DUPLICATE_METHOD_MATCH = YES;
				COPY_PHASE_STRIP = NO;
				DEBUG_INFORMATION_FORMAT = dwarf;
				ENABLE_STRICT_OBJC_MSGSEND = YES;
				ENABLE_TESTABILITY = YES;
				GCC_C_LANGUAGE_STANDARD = gnu11;
				GCC_DYNAMIC_NO_PIC = NO;
				GCC_NO_COMMON_BLOCKS = YES;
				GCC_OPTIMIZATION_LEVEL = 0;
				GCC_PREPROCESSOR_DEFINITIONS = (
					"DEBUG=1",
					"$(inherited)",
				);
				GCC_WARN_64_TO_32_BIT_CONVERSION = YES;
				GCC_WARN_ABOUT_RETURN_TYPE = YES_ERROR;
				GCC_WARN_UNDECLARED_SELECTOR = YES;
				GCC_WARN_UNINITIALIZED_AUTOS = YES_AGGRESSIVE;
				GCC_WARN_UNUSED_FUNCTION = YES;
				GCC_WARN_UNUSED_VARIABLE = YES;
				MACOSX_DEPLOYMENT_TARGET = 12.3;
				MTL_ENABLE_DEBUG_INFO = INCLUDE_SOURCE;
				MTL_FAST_MATH = YES;
				ONLY_ACTIVE_ARCH = YES;
				SDKROOT = macosx;
			};
			name = Debug;
		};
		94C323262846284900ECC083 /* Release */ = {
			isa = XCBuildConfiguration;
			buildSettings = {
				ALWAYS_SEARCH_USER_PATHS = NO;
				CLANG_ANALYZER_NONNULL = YES;
				CLANG_ANALYZER_NUMBER_OBJECT_CONVERSION = YES_AGGRESSIVE;
				CLANG_CXX_LANGUAGE_STANDARD = "gnu++17";
				CLANG_ENABLE_MODULES = YES;
				CLANG_ENABLE_OBJC_ARC = YES;
				CLANG_ENABLE_OBJC_WEAK = YES;
				CLANG_WARN_BLOCK_CAPTURE_AUTORELEASING = YES;
				CLANG_WARN_BOOL_CONVERSION = YES;
				CLANG_WARN_COMMA = YES;
				CLANG_WARN_CONSTANT_CONVERSION = YES;
				CLANG_WARN_DEPRECATED_OBJC_IMPLEMENTATIONS = YES;
				CLANG_WARN_DIRECT_OBJC_ISA_USAGE = YES_ERROR;
				CLANG_WARN_DOCUMENTATION_COMMENTS = YES;
				CLANG_WARN_EMPTY_BODY = YES;
				CLANG_WARN_ENUM_CONVERSION = YES;
				CLANG_WARN_INFINITE_RECURSION = YES;
				CLANG_WARN_INT_CONVERSION = YES;
				CLANG_WARN_NON_LITERAL_NULL_CONVERSION = YES;
				CLANG_WARN_OBJC_IMPLICIT_RETAIN_SELF = YES;
				CLANG_WARN_OBJC_LITERAL_CONVERSION = YES;
				CLANG_WARN_OBJC_ROOT_CLASS = YES_ERROR;
				CLANG_WARN_QUOTED_INCLUDE_IN_FRAMEWORK_HEADER = YES;
				CLANG_WARN_RANGE_LOOP_ANALYSIS = YES;
				CLANG_WARN_STRICT_PROTOTYPES = YES;
				CLANG_WARN_SUSPICIOUS_MOVE = YES;
				CLANG_WARN_UNGUARDED_AVAILABILITY = YES_AGGRESSIVE;
				CLANG_WARN_UNREACHABLE_CODE = YES;
				CLANG_WARN__DUPLICATE_METHOD_MATCH = YES;
				COPY_PHASE_STRIP = NO;
				DEBUG_INFORMATION_FORMAT = "dwarf-with-dsym";
				ENABLE_NS_ASSERTIONS = NO;
				ENABLE_STRICT_OBJC_MSGSEND = YES;
				GCC_C_LANGUAGE_STANDARD = gnu11;
				GCC_NO_COMMON_BLOCKS = YES;
				GCC_WARN_64_TO_32_BIT_CONVERSION = YES;
				GCC_WARN_ABOUT_RETURN_TYPE = YES_ERROR;
				GCC_WARN_UNDECLARED_SELECTOR = YES;
				GCC_WARN_UNINITIALIZED_AUTOS = YES_AGGRESSIVE;
				GCC_WARN_UNUSED_FUNCTION = YES;
				GCC_WARN_UNUSED_VARIABLE = YES;
				MACOSX_DEPLOYMENT_TARGET = 12.3;
				MTL_ENABLE_DEBUG_INFO = NO;
				MTL_FAST_MATH = YES;
				SDKROOT = macosx;
			};
			name = Release;
		};
		94C323282846284900ECC083 /* Debug */ = {
			isa = XCBuildConfiguration;
			buildSettings = {
				CODE_SIGN_STYLE = Automatic;
				DEVELOPMENT_TEAM = UK986AK527;
				ENABLE_HARDENED_RUNTIME = YES;
				PRODUCT_NAME = "$(TARGET_NAME)";
			};
			name = Debug;
		};
		94C323292846284900ECC083 /* Release */ = {
			isa = XCBuildConfiguration;
			buildSettings = {
				CODE_SIGN_STYLE = Automatic;
				DEVELOPMENT_TEAM = UK986AK527;
				ENABLE_HARDENED_RUNTIME = YES;
				PRODUCT_NAME = "$(TARGET_NAME)";
			};
			name = Release;
		};
/* End XCBuildConfiguration section */

/* Begin XCConfigurationList section */
		94C3231B2846284900ECC083 /* Build configuration list for PBXProject "advisorbot" */ = {
			isa = XCConfigurationList;
			buildConfigurations = (
				94C323252846284900ECC083 /* Debug */,
				94C323262846284900ECC083 /* Release */,
			);
			defaultConfigurationIsVisible = 0;
			defaultConfigurationName = Release;
		};
		94C323272846284900ECC083 /* Build configuration list for PBXNativeTarget "advisorbot" */ = {
			isa = XCConfigurationList;
			buildConfigurations = (
				94C323282846284900ECC083 /* Debug */,
				94C323292846284900ECC083 /* Release */,
			);
			defaultConfigurationIsVisible = 0;
			defaultConfigurationName = Release;
		};
/* End XCConfigurationList section */
	};
	rootObject = 94C323182846284800ECC083 /* Project object */;
}
